# THIS IS AN AUTOGENERATED FILE. DO NOT EDIT THIS FILE DIRECTLY.
# yarn lockfile v1


nocamel@^1.0.2:
  version "1.0.2"
  resolved "https://registry.yarnpkg.com/nocamel/-/nocamel-1.0.2.tgz#13ff04ffacd5487ba65555c0dcafcf8c95c918ba"
  integrity sha512-CRkRSRLChj+H6e4lHS851QS6YGCoTETnSG/z+XGanxLSsTbBkvEeIWaIYMKzuBznFwWM0YcLGXsFyXg4xWYnWA==
